
Microsoft Visual Studio Solution File, Format Version 12.00
# Visual Studio Version 17
VisualStudioVersion = 17.14.36221.1 d17.14
MinimumVisualStudioVersion = 10.0.40219.1
Project("{FAE04EC0-301F-11D3-BF4B-00C04F79EFBC}") = "ConsoleApp1", "ConsoleApp1.csproj", "{740240C6-53FC-46E6-A381-209DC7E72131}"
EndProject
Global
	GlobalSection(SolutionConfigurationPlatforms) = preSolution
		Debug|Any CPU = Debug|Any CPU
		Release|Any CPU = Release|Any CPU
	EndGlobalSection
	GlobalSection(ProjectConfigurationPlatforms) = postSolution
		{740240C6-53FC-46E6-A381-209DC7E72131}.Debug|Any CPU.ActiveCfg = Debug|Any CPU
		{740240C6-53FC-46E6-A381-209DC7E72131}.Debug|Any CPU.Build.0 = Debug|Any CPU
		{740240C6-53FC-46E6-A381-209DC7E72131}.Release|Any CPU.ActiveCfg = Release|Any CPU
		{740240C6-53FC-46E6-A381-209DC7E72131}.Release|Any CPU.Build.0 = Release|Any CPU
	EndGlobalSection
	GlobalSection(SolutionProperties) = preSolution
		HideSolutionNode = FALSE
	EndGlobalSection
	GlobalSection(ExtensibilityGlobals) = postSolution
		SolutionGuid = {EE8DDA10-1B08-45D6-A1D0-89B97956BD58}
	EndGlobalSection
EndGlobal
